// !$*UTF8*$!
{
	archiveVersion = 1;
	classes = {
	};
	objectVersion = 50;
	objects = {

/* Begin PBXBuildFile section */
		2505193F2361EEB500F22F1E /* AppDelegate.swift in Sources */ = {isa = PBXBuildFile; fileRef = 2505193E2361EEB500F22F1E /* AppDelegate.swift */; };
		250519412361EEB500F22F1E /* GameViewController.swift in Sources */ = {isa = PBXBuildFile; fileRef = 250519402361EEB500F22F1E /* GameViewController.swift */; };
		250519442361EEB500F22F1E /* Main.storyboard in Resources */ = {isa = PBXBuildFile; fileRef = 250519422361EEB500F22F1E /* Main.storyboard */; };
		250519462361EEB600F22F1E /* Assets.xcassets in Resources */ = {isa = PBXBuildFile; fileRef = 250519452361EEB600F22F1E /* Assets.xcassets */; };
		250519492361EEB600F22F1E /* LaunchScreen.storyboard in Resources */ = {isa = PBXBuildFile; fileRef = 250519472361EEB600F22F1E /* LaunchScreen.storyboard */; };
		250519542361EEB600F22F1E /* GameTests.swift in Sources */ = {isa = PBXBuildFile; fileRef = 250519532361EEB600F22F1E /* GameTests.swift */; };
		2505195F2361EEB600F22F1E /* GameUITests.swift in Sources */ = {isa = PBXBuildFile; fileRef = 2505195E2361EEB600F22F1E /* GameUITests.swift */; };
		250519752361F09500F22F1E /* ConcentrationThemeChooserViewController.swift in Sources */ = {isa = PBXBuildFile; fileRef = 2505196F2361F09500F22F1E /* ConcentrationThemeChooserViewController.swift */; };
		250519762361F09500F22F1E /* ConcentrationModel.swift in Sources */ = {isa = PBXBuildFile; fileRef = 250519702361F09500F22F1E /* ConcentrationModel.swift */; };
		250519772361F09500F22F1E /* Card.swift in Sources */ = {isa = PBXBuildFile; fileRef = 250519712361F09500F22F1E /* Card.swift */; };
		250519782361F09500F22F1E /* ConcentrationGameViewController.swift in Sources */ = {isa = PBXBuildFile; fileRef = 250519722361F09500F22F1E /* ConcentrationGameViewController.swift */; };
		2505197A2361F09500F22F1E /* Theme.swift in Sources */ = {isa = PBXBuildFile; fileRef = 250519742361F09500F22F1E /* Theme.swift */; };
		250519832361F0B500F22F1E /* SetBoardView.swift in Sources */ = {isa = PBXBuildFile; fileRef = 2505197C2361F0B500F22F1E /* SetBoardView.swift */; };
		250519842361F0B500F22F1E /* ViewController.swift in Sources */ = {isa = PBXBuildFile; fileRef = 2505197D2361F0B500F22F1E /* ViewController.swift */; };
		250519852361F0B500F22F1E /* SetCardView.swift in Sources */ = {isa = PBXBuildFile; fileRef = 2505197E2361F0B500F22F1E /* SetCardView.swift */; };
		250519862361F0B500F22F1E /* SetCard.swift in Sources */ = {isa = PBXBuildFile; fileRef = 2505197F2361F0B500F22F1E /* SetCard.swift */; };
		250519882361F0B500F22F1E /* Grid.swift in Sources */ = {isa = PBXBuildFile; fileRef = 250519812361F0B500F22F1E /* Grid.swift */; };
		250519892361F0B500F22F1E /* SetGameModel.swift in Sources */ = {isa = PBXBuildFile; fileRef = 250519822361F0B500F22F1E /* SetGameModel.swift */; };
		2505198E23657FEE00F22F1E /* SetGameTests.swift in Sources */ = {isa = PBXBuildFile; fileRef = 2505198D23657FEE00F22F1E /* SetGameTests.swift */; };
		250519902365823B00F22F1E /* ConcentrarionGameTests.swift in Sources */ = {isa = PBXBuildFile; fileRef = 2505198F2365823B00F22F1E /* ConcentrarionGameTests.swift */; };
/* End PBXBuildFile section */

/* Begin PBXContainerItemProxy section */
		250519502361EEB600F22F1E /* PBXContainerItemProxy */ = {
			isa = PBXContainerItemProxy;
			containerPortal = 250519332361EEB500F22F1E /* Project object */;
			proxyType = 1;
			remoteGlobalIDString = 2505193A2361EEB500F22F1E;
			remoteInfo = Game;
		};
		2505195B2361EEB600F22F1E /* PBXContainerItemProxy */ = {
			isa = PBXContainerItemProxy;
			containerPortal = 250519332361EEB500F22F1E /* Project object */;
			proxyType = 1;
			remoteGlobalIDString = 2505193A2361EEB500F22F1E;
			remoteInfo = Game;
		};
/* End PBXContainerItemProxy section */

/* Begin PBXFileReference section */
		2505193B2361EEB500F22F1E /* Game.app */ = {isa = PBXFileReference; explicitFileType = wrapper.application; includeInIndex = 0; path = Game.app; sourceTree = BUILT_PRODUCTS_DIR; };
		2505193E2361EEB500F22F1E /* AppDelegate.swift */ = {isa = PBXFileReference; lastKnownFileType = sourcecode.swift; path = AppDelegate.swift; sourceTree = "<group>"; };
		250519402361EEB500F22F1E /* GameViewController.swift */ = {isa = PBXFileReference; lastKnownFileType = sourcecode.swift; path = GameViewController.swift; sourceTree = "<group>"; };
		250519432361EEB500F22F1E /* Base */ = {isa = PBXFileReference; lastKnownFileType = file.storyboard; name = Base; path = Base.lproj/Main.storyboard; sourceTree = "<group>"; };
		250519452361EEB600F22F1E /* Assets.xcassets */ = {isa = PBXFileReference; lastKnownFileType = folder.assetcatalog; path = Assets.xcassets; sourceTree = "<group>"; };
		250519482361EEB600F22F1E /* Base */ = {isa = PBXFileReference; lastKnownFileType = file.storyboard; name = Base; path = Base.lproj/LaunchScreen.storyboard; sourceTree = "<group>"; };
		2505194A2361EEB600F22F1E /* Info.plist */ = {isa = PBXFileReference; lastKnownFileType = text.plist.xml; path = Info.plist; sourceTree = "<group>"; };
		2505194F2361EEB600F22F1E /* GameTests.xctest */ = {isa = PBXFileReference; explicitFileType = wrapper.cfbundle; includeInIndex = 0; path = GameTests.xctest; sourceTree = BUILT_PRODUCTS_DIR; };
		250519532361EEB600F22F1E /* GameTests.swift */ = {isa = PBXFileReference; lastKnownFileType = sourcecode.swift; path = GameTests.swift; sourceTree = "<group>"; };
		250519552361EEB600F22F1E /* Info.plist */ = {isa = PBXFileReference; lastKnownFileType = text.plist.xml; path = Info.plist; sourceTree = "<group>"; };
		2505195A2361EEB600F22F1E /* GameUITests.xctest */ = {isa = PBXFileReference; explicitFileType = wrapper.cfbundle; includeInIndex = 0; path = GameUITests.xctest; sourceTree = BUILT_PRODUCTS_DIR; };
		2505195E2361EEB600F22F1E /* GameUITests.swift */ = {isa = PBXFileReference; lastKnownFileType = sourcecode.swift; path = GameUITests.swift; sourceTree = "<group>"; };
		250519602361EEB600F22F1E /* Info.plist */ = {isa = PBXFileReference; lastKnownFileType = text.plist.xml; path = Info.plist; sourceTree = "<group>"; };
		2505196F2361F09500F22F1E /* ConcentrationThemeChooserViewController.swift */ = {isa = PBXFileReference; fileEncoding = 4; lastKnownFileType = sourcecode.swift; path = ConcentrationThemeChooserViewController.swift; sourceTree = "<group>"; };
		250519702361F09500F22F1E /* ConcentrationModel.swift */ = {isa = PBXFileReference; fileEncoding = 4; lastKnownFileType = sourcecode.swift; path = ConcentrationModel.swift; sourceTree = "<group>"; };
		250519712361F09500F22F1E /* Card.swift */ = {isa = PBXFileReference; fileEncoding = 4; lastKnownFileType = sourcecode.swift; path = Card.swift; sourceTree = "<group>"; };
		250519722361F09500F22F1E /* ConcentrationGameViewController.swift */ = {isa = PBXFileReference; fileEncoding = 4; lastKnownFileType = sourcecode.swift; path = ConcentrationGameViewController.swift; sourceTree = "<group>"; };
		250519742361F09500F22F1E /* Theme.swift */ = {isa = PBXFileReference; fileEncoding = 4; lastKnownFileType = sourcecode.swift; path = Theme.swift; sourceTree = "<group>"; };
		2505197C2361F0B500F22F1E /* SetBoardView.swift */ = {isa = PBXFileReference; fileEncoding = 4; lastKnownFileType = sourcecode.swift; path = SetBoardView.swift; sourceTree = "<group>"; };
		2505197D2361F0B500F22F1E /* ViewController.swift */ = {isa = PBXFileReference; fileEncoding = 4; lastKnownFileType = sourcecode.swift; path = ViewController.swift; sourceTree = "<group>"; };
		2505197E2361F0B500F22F1E /* SetCardView.swift */ = {isa = PBXFileReference; fileEncoding = 4; lastKnownFileType = sourcecode.swift; path = SetCardView.swift; sourceTree = "<group>"; };
		2505197F2361F0B500F22F1E /* SetCard.swift */ = {isa = PBXFileReference; fileEncoding = 4; lastKnownFileType = sourcecode.swift; path = SetCard.swift; sourceTree = "<group>"; };
		250519812361F0B500F22F1E /* Grid.swift */ = {isa = PBXFileReference; fileEncoding = 4; lastKnownFileType = sourcecode.swift; path = Grid.swift; sourceTree = "<group>"; };
		250519822361F0B500F22F1E /* SetGameModel.swift */ = {isa = PBXFileReference; fileEncoding = 4; lastKnownFileType = sourcecode.swift; path = SetGameModel.swift; sourceTree = "<group>"; };
		2505198D23657FEE00F22F1E /* SetGameTests.swift */ = {isa = PBXFileReference; fileEncoding = 4; lastKnownFileType = sourcecode.swift; path = SetGameTests.swift; sourceTree = "<group>"; };
		2505198F2365823B00F22F1E /* ConcentrarionGameTests.swift */ = {isa = PBXFileReference; lastKnownFileType = sourcecode.swift; path = ConcentrarionGameTests.swift; sourceTree = "<group>"; };
/* End PBXFileReference section */

/* Begin PBXFrameworksBuildPhase section */
		250519382361EEB500F22F1E /* Frameworks */ = {
			isa = PBXFrameworksBuildPhase;
			buildActionMask = 2147483647;
			files = (
			);
			runOnlyForDeploymentPostprocessing = 0;
		};
		2505194C2361EEB600F22F1E /* Frameworks */ = {
			isa = PBXFrameworksBuildPhase;
			buildActionMask = 2147483647;
			files = (
			);
			runOnlyForDeploymentPostprocessing = 0;
		};
		250519572361EEB600F22F1E /* Frameworks */ = {
			isa = PBXFrameworksBuildPhase;
			buildActionMask = 2147483647;
			files = (
			);
			runOnlyForDeploymentPostprocessing = 0;
		};
/* End PBXFrameworksBuildPhase section */

/* Begin PBXGroup section */
		250519322361EEB500F22F1E = {
			isa = PBXGroup;
			children = (
				2505193D2361EEB500F22F1E /* Game */,
				250519522361EEB600F22F1E /* GameTests */,
				2505195D2361EEB600F22F1E /* GameUITests */,
				2505193C2361EEB500F22F1E /* Products */,
			);
			sourceTree = "<group>";
		};
		2505193C2361EEB500F22F1E /* Products */ = {
			isa = PBXGroup;
			children = (
				2505193B2361EEB500F22F1E /* Game.app */,
				2505194F2361EEB600F22F1E /* GameTests.xctest */,
				2505195A2361EEB600F22F1E /* GameUITests.xctest */,
			);
			name = Products;
			sourceTree = "<group>";
		};
		2505193D2361EEB500F22F1E /* Game */ = {
			isa = PBXGroup;
			children = (
				2505197B2361F0B500F22F1E /* Set */,
				2505196E2361F09500F22F1E /* Concentration */,
				250519402361EEB500F22F1E /* GameViewController.swift */,
				250519422361EEB500F22F1E /* Main.storyboard */,
				2505194A2361EEB600F22F1E /* Info.plist */,
				2505196D2361EF2700F22F1E /* supporting files */,
			);
			path = Game;
			sourceTree = "<group>";
		};
		250519522361EEB600F22F1E /* GameTests */ = {
			isa = PBXGroup;
			children = (
				250519532361EEB600F22F1E /* GameTests.swift */,
				2505198D23657FEE00F22F1E /* SetGameTests.swift */,
				250519552361EEB600F22F1E /* Info.plist */,
				2505198F2365823B00F22F1E /* ConcentrarionGameTests.swift */,
			);
			path = GameTests;
			sourceTree = "<group>";
		};
		2505195D2361EEB600F22F1E /* GameUITests */ = {
			isa = PBXGroup;
			children = (
				2505195E2361EEB600F22F1E /* GameUITests.swift */,
				250519602361EEB600F22F1E /* Info.plist */,
			);
			path = GameUITests;
			sourceTree = "<group>";
		};
		2505196D2361EF2700F22F1E /* supporting files */ = {
			isa = PBXGroup;
			children = (
				2505193E2361EEB500F22F1E /* AppDelegate.swift */,
				250519452361EEB600F22F1E /* Assets.xcassets */,
				250519472361EEB600F22F1E /* LaunchScreen.storyboard */,
			);
			path = "supporting files";
			sourceTree = "<group>";
		};
		2505196E2361F09500F22F1E /* Concentration */ = {
			isa = PBXGroup;
			children = (
				2505196F2361F09500F22F1E /* ConcentrationThemeChooserViewController.swift */,
				250519702361F09500F22F1E /* ConcentrationModel.swift */,
				250519712361F09500F22F1E /* Card.swift */,
				250519722361F09500F22F1E /* ConcentrationGameViewController.swift */,
				250519742361F09500F22F1E /* Theme.swift */,
			);
			name = Concentration;
			path = Game/Concentration;
			sourceTree = SOURCE_ROOT;
		};
		2505197B2361F0B500F22F1E /* Set */ = {
			isa = PBXGroup;
			children = (
				2505197C2361F0B500F22F1E /* SetBoardView.swift */,
				2505197D2361F0B500F22F1E /* ViewController.swift */,
				2505197E2361F0B500F22F1E /* SetCardView.swift */,
				2505197F2361F0B500F22F1E /* SetCard.swift */,
				250519812361F0B500F22F1E /* Grid.swift */,
				250519822361F0B500F22F1E /* SetGameModel.swift */,
			);
			name = Set;
			path = Game/Set;
			sourceTree = SOURCE_ROOT;
		};
/* End PBXGroup section */

/* Begin PBXNativeTarget section */
		2505193A2361EEB500F22F1E /* Game */ = {
			isa = PBXNativeTarget;
			buildConfigurationList = 250519632361EEB600F22F1E /* Build configuration list for PBXNativeTarget "Game" */;
			buildPhases = (
				250519372361EEB500F22F1E /* Sources */,
				250519382361EEB500F22F1E /* Frameworks */,
				250519392361EEB500F22F1E /* Resources */,
			);
			buildRules = (
			);
			dependencies = (
			);
			name = Game;
			productName = Game;
			productReference = 2505193B2361EEB500F22F1E /* Game.app */;
			productType = "com.apple.product-type.application";
		};
		2505194E2361EEB600F22F1E /* GameTests */ = {
			isa = PBXNativeTarget;
			buildConfigurationList = 250519662361EEB600F22F1E /* Build configuration list for PBXNativeTarget "GameTests" */;
			buildPhases = (
				2505194B2361EEB600F22F1E /* Sources */,
				2505194C2361EEB600F22F1E /* Frameworks */,
				2505194D2361EEB600F22F1E /* Resources */,
			);
			buildRules = (
			);
			dependencies = (
				250519512361EEB600F22F1E /* PBXTargetDependency */,
			);
			name = GameTests;
			productName = GameTests;
			productReference = 2505194F2361EEB600F22F1E /* GameTests.xctest */;
			productType = "com.apple.product-type.bundle.unit-test";
		};
		250519592361EEB600F22F1E /* GameUITests */ = {
			isa = PBXNativeTarget;
			buildConfigurationList = 250519692361EEB600F22F1E /* Build configuration list for PBXNativeTarget "GameUITests" */;
			buildPhases = (
				250519562361EEB600F22F1E /* Sources */,
				250519572361EEB600F22F1E /* Frameworks */,
				250519582361EEB600F22F1E /* Resources */,
			);
			buildRules = (
			);
			dependencies = (
				2505195C2361EEB600F22F1E /* PBXTargetDependency */,
			);
			name = GameUITests;
			productName = GameUITests;
			productReference = 2505195A2361EEB600F22F1E /* GameUITests.xctest */;
			productType = "com.apple.product-type.bundle.ui-testing";
		};
/* End PBXNativeTarget section */

/* Begin PBXProject section */
		250519332361EEB500F22F1E /* Project object */ = {
			isa = PBXProject;
			attributes = {
				LastSwiftUpdateCheck = 1030;
				LastUpgradeCheck = 1030;
				ORGANIZATIONNAME = "Nogah Melamed Cohen";
				TargetAttributes = {
					2505193A2361EEB500F22F1E = {
						CreatedOnToolsVersion = 10.3;
					};
					2505194E2361EEB600F22F1E = {
						CreatedOnToolsVersion = 10.3;
						TestTargetID = 2505193A2361EEB500F22F1E;
					};
					250519592361EEB600F22F1E = {
						CreatedOnToolsVersion = 10.3;
						TestTargetID = 2505193A2361EEB500F22F1E;
					};
				};
			};
			buildConfigurationList = 250519362361EEB500F22F1E /* Build configuration list for PBXProject "Game" */;
			compatibilityVersion = "Xcode 9.3";
			developmentRegion = en;
			hasScannedForEncodings = 0;
			knownRegions = (
				en,
				Base,
			);
			mainGroup = 250519322361EEB500F22F1E;
			productRefGroup = 2505193C2361EEB500F22F1E /* Products */;
			projectDirPath = "";
			projectRoot = "";
			targets = (
				2505193A2361EEB500F22F1E /* Game */,
				2505194E2361EEB600F22F1E /* GameTests */,
				250519592361EEB600F22F1E /* GameUITests */,
			);
		};
/* End PBXProject section */

/* Begin PBXResourcesBuildPhase section */
		250519392361EEB500F22F1E /* Resources */ = {
			isa = PBXResourcesBuildPhase;
			buildActionMask = 2147483647;
			files = (
				250519492361EEB600F22F1E /* LaunchScreen.storyboard in Resources */,
				250519462361EEB600F22F1E /* Assets.xcassets in Resources */,
				250519442361EEB500F22F1E /* Main.storyboard in Resources */,
			);
			runOnlyForDeploymentPostprocessing = 0;
		};
		2505194D2361EEB600F22F1E /* Resources */ = {
			isa = PBXResourcesBuildPhase;
			buildActionMask = 2147483647;
			files = (
			);
			runOnlyForDeploymentPostprocessing = 0;
		};
		250519582361EEB600F22F1E /* Resources */ = {
			isa = PBXResourcesBuildPhase;
			buildActionMask = 2147483647;
			files = (
			);
			runOnlyForDeploymentPostprocessing = 0;
		};
/* End PBXResourcesBuildPhase section */

/* Begin PBXSourcesBuildPhase section */
		250519372361EEB500F22F1E /* Sources */ = {
			isa = PBXSourcesBuildPhase;
			buildActionMask = 2147483647;
			files = (
				250519782361F09500F22F1E /* ConcentrationGameViewController.swift in Sources */,
				250519852361F0B500F22F1E /* SetCardView.swift in Sources */,
				250519412361EEB500F22F1E /* GameViewController.swift in Sources */,
				250519752361F09500F22F1E /* ConcentrationThemeChooserViewController.swift in Sources */,
				250519842361F0B500F22F1E /* ViewController.swift in Sources */,
				250519772361F09500F22F1E /* Card.swift in Sources */,
				250519832361F0B500F22F1E /* SetBoardView.swift in Sources */,
				2505193F2361EEB500F22F1E /* AppDelegate.swift in Sources */,
				250519892361F0B500F22F1E /* SetGameModel.swift in Sources */,
				250519762361F09500F22F1E /* ConcentrationModel.swift in Sources */,
				2505197A2361F09500F22F1E /* Theme.swift in Sources */,
				250519862361F0B500F22F1E /* SetCard.swift in Sources */,
				250519882361F0B500F22F1E /* Grid.swift in Sources */,
			);
			runOnlyForDeploymentPostprocessing = 0;
		};
		2505194B2361EEB600F22F1E /* Sources */ = {
			isa = PBXSourcesBuildPhase;
			buildActionMask = 2147483647;
			files = (
				2505198E23657FEE00F22F1E /* SetGameTests.swift in Sources */,
				250519902365823B00F22F1E /* ConcentrarionGameTests.swift in Sources */,
				250519542361EEB600F22F1E /* GameTests.swift in Sources */,
			);
			runOnlyForDeploymentPostprocessing = 0;
		};
		250519562361EEB600F22F1E /* Sources */ = {
			isa = PBXSourcesBuildPhase;
			buildActionMask = 2147483647;
			files = (
				2505195F2361EEB600F22F1E /* GameUITests.swift in Sources */,
			);
			runOnlyForDeploymentPostprocessing = 0;
		};
/* End PBXSourcesBuildPhase section */

/* Begin PBXTargetDependency section */
		250519512361EEB600F22F1E /* PBXTargetDependency */ = {
			isa = PBXTargetDependency;
			target = 2505193A2361EEB500F22F1E /* Game */;
			targetProxy = 250519502361EEB600F22F1E /* PBXContainerItemProxy */;
		};
		2505195C2361EEB600F22F1E /* PBXTargetDependency */ = {
			isa = PBXTargetDependency;
			target = 2505193A2361EEB500F22F1E /* Game */;
			targetProxy = 2505195B2361EEB600F22F1E /* PBXContainerItemProxy */;
		};
/* End PBXTargetDependency section */

/* Begin PBXVariantGroup section */
		250519422361EEB500F22F1E /* Main.storyboard */ = {
			isa = PBXVariantGroup;
			children = (
				250519432361EEB500F22F1E /* Base */,
			);
			name = Main.storyboard;
			sourceTree = "<group>";
		};
		250519472361EEB600F22F1E /* LaunchScreen.storyboard */ = {
			isa = PBXVariantGroup;
			children = (
				250519482361EEB600F22F1E /* Base */,
			);
			name = LaunchScreen.storyboard;
			sourceTree = "<group>";
		};
/* End PBXVariantGroup section */

/* Begin XCBuildConfiguration section */
		250519612361EEB600F22F1E /* Debug */ = {
			isa = XCBuildConfiguration;
			buildSettings = {
				ALWAYS_SEARCH_USER_PATHS = NO;
				CLANG_ANALYZER_NONNULL = YES;
				CLANG_ANALYZER_NUMBER_OBJECT_CONVERSION = YES_AGGRESSIVE;
				CLANG_CXX_LANGUAGE_STANDARD = "gnu++14";
				CLANG_CXX_LIBRARY = "libc++";
				CLANG_ENABLE_MODULES = YES;
				CLANG_ENABLE_OBJC_ARC = YES;
				CLANG_ENABLE_OBJC_WEAK = YES;
				CLANG_WARN_BLOCK_CAPTURE_AUTORELEASING = YES;
				CLANG_WARN_BOOL_CONVERSION = YES;
				CLANG_WARN_COMMA = YES;
				CLANG_WARN_CONSTANT_CONVERSION = YES;
				CLANG_WARN_DEPRECATED_OBJC_IMPLEMENTATIONS = YES;
				CLANG_WARN_DIRECT_OBJC_ISA_USAGE = YES_ERROR;
				CLANG_WARN_DOCUMENTATION_COMMENTS = YES;
				CLANG_WARN_EMPTY_BODY = YES;
				CLANG_WARN_ENUM_CONVERSION = YES;
				CLANG_WARN_INFINITE_RECURSION = YES;
				CLANG_WARN_INT_CONVERSION = YES;
				CLANG_WARN_NON_LITERAL_NULL_CONVERSION = YES;
				CLANG_WARN_OBJC_IMPLICIT_RETAIN_SELF = YES;
				CLANG_WARN_OBJC_LITERAL_CONVERSION = YES;
				CLANG_WARN_OBJC_ROOT_CLASS = YES_ERROR;
				CLANG_WARN_RANGE_LOOP_ANALYSIS = YES;
				CLANG_WARN_STRICT_PROTOTYPES = YES;
				CLANG_WARN_SUSPICIOUS_MOVE = YES;
				CLANG_WARN_UNGUARDED_AVAILABILITY = YES_AGGRESSIVE;
				CLANG_WARN_UNREACHABLE_CODE = YES;
				CLANG_WARN__DUPLICATE_METHOD_MATCH = YES;
				CODE_SIGN_IDENTITY = "iPhone Developer";
				COPY_PHASE_STRIP = NO;
				DEBUG_INFORMATION_FORMAT = dwarf;
				ENABLE_STRICT_OBJC_MSGSEND = YES;
				ENABLE_TESTABILITY = YES;
				GCC_C_LANGUAGE_STANDARD = gnu11;
				GCC_DYNAMIC_NO_PIC = NO;
				GCC_NO_COMMON_BLOCKS = YES;
				GCC_OPTIMIZATION_LEVEL = 0;
				GCC_PREPROCESSOR_DEFINITIONS = (
					"DEBUG=1",
					"$(inherited)",
				);
				GCC_WARN_64_TO_32_BIT_CONVERSION = YES;
				GCC_WARN_ABOUT_RETURN_TYPE = YES_ERROR;
				GCC_WARN_UNDECLARED_SELECTOR = YES;
				GCC_WARN_UNINITIALIZED_AUTOS = YES_AGGRESSIVE;
				GCC_WARN_UNUSED_FUNCTION = YES;
				GCC_WARN_UNUSED_VARIABLE = YES;
				IPHONEOS_DEPLOYMENT_TARGET = 12.4;
				MTL_ENABLE_DEBUG_INFO = INCLUDE_SOURCE;
				MTL_FAST_MATH = YES;
				ONLY_ACTIVE_ARCH = YES;
				SDKROOT = iphoneos;
				SWIFT_ACTIVE_COMPILATION_CONDITIONS = DEBUG;
				SWIFT_OPTIMIZATION_LEVEL = "-Onone";
			};
			name = Debug;
		};
		250519622361EEB600F22F1E /* Release */ = {
			isa = XCBuildConfiguration;
			buildSettings = {
				ALWAYS_SEARCH_USER_PATHS = NO;
				CLANG_ANALYZER_NONNULL = YES;
				CLANG_ANALYZER_NUMBER_OBJECT_CONVERSION = YES_AGGRESSIVE;
				CLANG_CXX_LANGUAGE_STANDARD = "gnu++14";
				CLANG_CXX_LIBRARY = "libc++";
				CLANG_ENABLE_MODULES = YES;
				CLANG_ENABLE_OBJC_ARC = YES;
				CLANG_ENABLE_OBJC_WEAK = YES;
				CLANG_WARN_BLOCK_CAPTURE_AUTORELEASING = YES;
				CLANG_WARN_BOOL_CONVERSION = YES;
				CLANG_WARN_COMMA = YES;
				CLANG_WARN_CONSTANT_CONVERSION = YES;
				CLANG_WARN_DEPRECATED_OBJC_IMPLEMENTATIONS = YES;
				CLANG_WARN_DIRECT_OBJC_ISA_USAGE = YES_ERROR;
				CLANG_WARN_DOCUMENTATION_COMMENTS = YES;
				CLANG_WARN_EMPTY_BODY = YES;
				CLANG_WARN_ENUM_CONVERSION = YES;
				CLANG_WARN_INFINITE_RECURSION = YES;
				CLANG_WARN_INT_CONVERSION = YES;
				CLANG_WARN_NON_LITERAL_NULL_CONVERSION = YES;
				CLANG_WARN_OBJC_IMPLICIT_RETAIN_SELF = YES;
				CLANG_WARN_OBJC_LITERAL_CONVERSION = YES;
				CLANG_WARN_OBJC_ROOT_CLASS = YES_ERROR;
				CLANG_WARN_RANGE_LOOP_ANALYSIS = YES;
				CLANG_WARN_STRICT_PROTOTYPES = YES;
				CLANG_WARN_SUSPICIOUS_MOVE = YES;
				CLANG_WARN_UNGUARDED_AVAILABILITY = YES_AGGRESSIVE;
				CLANG_WARN_UNREACHABLE_CODE = YES;
				CLANG_WARN__DUPLICATE_METHOD_MATCH = YES;
				CODE_SIGN_IDENTITY = "iPhone Developer";
				COPY_PHASE_STRIP = NO;
				DEBUG_INFORMATION_FORMAT = "dwarf-with-dsym";
				ENABLE_NS_ASSERTIONS = NO;
				ENABLE_STRICT_OBJC_MSGSEND = YES;
				GCC_C_LANGUAGE_STANDARD = gnu11;
				GCC_NO_COMMON_BLOCKS = YES;
				GCC_WARN_64_TO_32_BIT_CONVERSION = YES;
				GCC_WARN_ABOUT_RETURN_TYPE = YES_ERROR;
				GCC_WARN_UNDECLARED_SELECTOR = YES;
				GCC_WARN_UNINITIALIZED_AUTOS = YES_AGGRESSIVE;
				GCC_WARN_UNUSED_FUNCTION = YES;
				GCC_WARN_UNUSED_VARIABLE = YES;
				IPHONEOS_DEPLOYMENT_TARGET = 12.4;
				MTL_ENABLE_DEBUG_INFO = NO;
				MTL_FAST_MATH = YES;
				SDKROOT = iphoneos;
				SWIFT_COMPILATION_MODE = wholemodule;
				SWIFT_OPTIMIZATION_LEVEL = "-O";
				VALIDATE_PRODUCT = YES;
			};
			name = Release;
		};
		250519642361EEB600F22F1E /* Debug */ = {
			isa = XCBuildConfiguration;
			buildSettings = {
				ASSETCATALOG_COMPILER_APPICON_NAME = AppIcon;
				CODE_SIGN_STYLE = Automatic;
				INFOPLIST_FILE = Game/Info.plist;
				LD_RUNPATH_SEARCH_PATHS = (
					"$(inherited)",
					"@executable_path/Frameworks",
				);
				PRODUCT_BUNDLE_IDENTIFIER = Nogah.Game;
				PRODUCT_NAME = "$(TARGET_NAME)";
				SWIFT_VERSION = 5.0;
				TARGETED_DEVICE_FAMILY = "1,2";
			};
			name = Debug;
		};
		250519652361EEB600F22F1E /* Release */ = {
			isa = XCBuildConfiguration;
			buildSettings = {
				ASSETCATALOG_COMPILER_APPICON_NAME = AppIcon;
				CODE_SIGN_STYLE = Automatic;
				INFOPLIST_FILE = Game/Info.plist;
				LD_RUNPATH_SEARCH_PATHS = (
					"$(inherited)",
					"@executable_path/Frameworks",
				);
				PRODUCT_BUNDLE_IDENTIFIER = Nogah.Game;
				PRODUCT_NAME = "$(TARGET_NAME)";
				SWIFT_VERSION = 5.0;
				TARGETED_DEVICE_FAMILY = "1,2";
			};
			name = Release;
		};
		250519672361EEB600F22F1E /* Debug */ = {
			isa = XCBuildConfiguration;
			buildSettings = {
				ALWAYS_EMBED_SWIFT_STANDARD_LIBRARIES = YES;
				BUNDLE_LOADER = "$(TEST_HOST)";
				CODE_SIGN_STYLE = Automatic;
				INFOPLIST_FILE = GameTests/Info.plist;
				LD_RUNPATH_SEARCH_PATHS = (
					"$(inherited)",
					"@executable_path/Frameworks",
					"@loader_path/Frameworks",
				);
				PRODUCT_BUNDLE_IDENTIFIER = Nogah.GameTests;
				PRODUCT_NAME = "$(TARGET_NAME)";
				SWIFT_VERSION = 5.0;
				TARGETED_DEVICE_FAMILY = "1,2";
				TEST_HOST = "$(BUILT_PRODUCTS_DIR)/Game.app/Game";
			};
			name = Debug;
		};
		250519682361EEB600F22F1E /* Release */ = {
			isa = XCBuildConfiguration;
			buildSettings = {
				ALWAYS_EMBED_SWIFT_STANDARD_LIBRARIES = YES;
				BUNDLE_LOADER = "$(TEST_HOST)";
				CODE_SIGN_STYLE = Automatic;
				INFOPLIST_FILE = GameTests/Info.plist;
				LD_RUNPATH_SEARCH_PATHS = (
					"$(inherited)",
					"@executable_path/Frameworks",
					"@loader_path/Frameworks",
				);
				PRODUCT_BUNDLE_IDENTIFIER = Nogah.GameTests;
				PRODUCT_NAME = "$(TARGET_NAME)";
				SWIFT_VERSION = 5.0;
				TARGETED_DEVICE_FAMILY = "1,2";
				TEST_HOST = "$(BUILT_PRODUCTS_DIR)/Game.app/Game";
			};
			name = Release;
		};
		2505196A2361EEB600F22F1E /* Debug */ = {
			isa = XCBuildConfiguration;
			buildSettings = {
				ALWAYS_EMBED_SWIFT_STANDARD_LIBRARIES = YES;
				CODE_SIGN_STYLE = Automatic;
				INFOPLIST_FILE = GameUITests/Info.plist;
				LD_RUNPATH_SEARCH_PATHS = (
					"$(inherited)",
					"@executable_path/Frameworks",
					"@loader_path/Frameworks",
				);
				PRODUCT_BUNDLE_IDENTIFIER = Nogah.GameUITests;
				PRODUCT_NAME = "$(TARGET_NAME)";
				SWIFT_VERSION = 5.0;
				TARGETED_DEVICE_FAMILY = "1,2";
				TEST_TARGET_NAME = Game;
			};
			name = Debug;
		};
		2505196B2361EEB600F22F1E /* Release */ = {
			isa = XCBuildConfiguration;
			buildSettings = {
				ALWAYS_EMBED_SWIFT_STANDARD_LIBRARIES = YES;
				CODE_SIGN_STYLE = Automatic;
				INFOPLIST_FILE = GameUITests/Info.plist;
				LD_RUNPATH_SEARCH_PATHS = (
					"$(inherited)",
					"@executable_path/Frameworks",
					"@loader_path/Frameworks",
				);
				PRODUCT_BUNDLE_IDENTIFIER = Nogah.GameUITests;
				PRODUCT_NAME = "$(TARGET_NAME)";
				SWIFT_VERSION = 5.0;
				TARGETED_DEVICE_FAMILY = "1,2";
				TEST_TARGET_NAME = Game;
			};
			name = Release;
		};
/* End XCBuildConfiguration section */

/* Begin XCConfigurationList section */
		250519362361EEB500F22F1E /* Build configuration list for PBXProject "Game" */ = {
			isa = XCConfigurationList;
			buildConfigurations = (
				250519612361EEB600F22F1E /* Debug */,
				250519622361EEB600F22F1E /* Release */,
			);
			defaultConfigurationIsVisible = 0;
			defaultConfigurationName = Release;
		};
		250519632361EEB600F22F1E /* Build configuration list for PBXNativeTarget "Game" */ = {
			isa = XCConfigurationList;
			buildConfigurations = (
				250519642361EEB600F22F1E /* Debug */,
				250519652361EEB600F22F1E /* Release */,
			);
			defaultConfigurationIsVisible = 0;
			defaultConfigurationName = Release;
		};
		250519662361EEB600F22F1E /* Build configuration list for PBXNativeTarget "GameTests" */ = {
			isa = XCConfigurationList;
			buildConfigurations = (
				250519672361EEB600F22F1E /* Debug */,
				250519682361EEB600F22F1E /* Release */,
			);
			defaultConfigurationIsVisible = 0;
			defaultConfigurationName = Release;
		};
		250519692361EEB600F22F1E /* Build configuration list for PBXNativeTarget "GameUITests" */ = {
			isa = XCConfigurationList;
			buildConfigurations = (
				2505196A2361EEB600F22F1E /* Debug */,
				2505196B2361EEB600F22F1E /* Release */,
			);
			defaultConfigurationIsVisible = 0;
			defaultConfigurationName = Release;
		};
/* End XCConfigurationList section */
	};
	rootObject = 250519332361EEB500F22F1E /* Project object */;
}
